
Microsoft Visual Studio Solution File, Format Version 12.00
# Visual Studio Version 17
VisualStudioVersion = 17.14.36414.22 d17.14
MinimumVisualStudioVersion = 10.0.40219.1
Project("{FAE04EC0-301F-11D3-BF4B-00C04F79EFBC}") = "Ecommerce.API", "Ecommerce.API\Ecommerce.API.csproj", "{4BF5CA63-BE44-4FAA-A496-925494563EB5}"
EndProject
Project("{FAE04EC0-301F-11D3-BF4B-00C04F79EFBC}") = "Ecommerce.Infrastructure", "Ecommerce.Infrastructure\Ecommerce.Infrastructure.csproj", "{4614328E-230D-48A4-AF0E-CACF55042A82}"
EndProject
Project("{FAE04EC0-301F-11D3-BF4B-00C04F79EFBC}") = "Ecommerce.Domain", "Ecommerce.Domain\Ecommerce.Domain.csproj", "{19E2449F-9273-4736-A6ED-327834059C8A}"
EndProject
Project("{FAE04EC0-301F-11D3-BF4B-00C04F79EFBC}") = "Ecommerce.Application", "Ecommerce.Application\Ecommerce.Application.csproj", "{CD366BAD-F9B8-4C59-A5C6-2C294EAEBDA5}"
EndProject
Global
	GlobalSection(SolutionConfigurationPlatforms) = preSolution
		Debug|Any CPU = Debug|Any CPU
		Release|Any CPU = Release|Any CPU
	EndGlobalSection
	GlobalSection(ProjectConfigurationPlatforms) = postSolution
		{4BF5CA63-BE44-4FAA-A496-925494563EB5}.Debug|Any CPU.ActiveCfg = Debug|Any CPU
		{4BF5CA63-BE44-4FAA-A496-925494563EB5}.Debug|Any CPU.Build.0 = Debug|Any CPU
		{4BF5CA63-BE44-4FAA-A496-925494563EB5}.Release|Any CPU.ActiveCfg = Release|Any CPU
		{4BF5CA63-BE44-4FAA-A496-925494563EB5}.Release|Any CPU.Build.0 = Release|Any CPU
		{4614328E-230D-48A4-AF0E-CACF55042A82}.Debug|Any CPU.ActiveCfg = Debug|Any CPU
		{4614328E-230D-48A4-AF0E-CACF55042A82}.Debug|Any CPU.Build.0 = Debug|Any CPU
		{4614328E-230D-48A4-AF0E-CACF55042A82}.Release|Any CPU.ActiveCfg = Release|Any CPU
		{4614328E-230D-48A4-AF0E-CACF55042A82}.Release|Any CPU.Build.0 = Release|Any CPU
		{19E2449F-9273-4736-A6ED-327834059C8A}.Debug|Any CPU.ActiveCfg = Debug|Any CPU
		{19E2449F-9273-4736-A6ED-327834059C8A}.Debug|Any CPU.Build.0 = Debug|Any CPU
		{19E2449F-9273-4736-A6ED-327834059C8A}.Release|Any CPU.ActiveCfg = Release|Any CPU
		{19E2449F-9273-4736-A6ED-327834059C8A}.Release|Any CPU.Build.0 = Release|Any CPU
		{CD366BAD-F9B8-4C59-A5C6-2C294EAEBDA5}.Debug|Any CPU.ActiveCfg = Debug|Any CPU
		{CD366BAD-F9B8-4C59-A5C6-2C294EAEBDA5}.Debug|Any CPU.Build.0 = Debug|Any CPU
		{CD366BAD-F9B8-4C59-A5C6-2C294EAEBDA5}.Release|Any CPU.ActiveCfg = Release|Any CPU
		{CD366BAD-F9B8-4C59-A5C6-2C294EAEBDA5}.Release|Any CPU.Build.0 = Release|Any CPU
	EndGlobalSection
	GlobalSection(SolutionProperties) = preSolution
		HideSolutionNode = FALSE
	EndGlobalSection
	GlobalSection(ExtensibilityGlobals) = postSolution
		SolutionGuid = {AC746025-0BD0-4127-93C0-12EFA060A032}
	EndGlobalSection
EndGlobal
